
Microsoft Visual Studio Solution File, Format Version 12.00
# Visual Studio Version 16
VisualStudioVersion = 16.0.30717.126
MinimumVisualStudioVersion = 10.0.40219.1
Project("{9A19103F-16F7-4668-BE54-9A1E7A4F7556}") = "LabsAssociativeArrays", "SoftUniFunds\LabsAssociativeArrays.csproj", "{DCF98A84-EF9D-4080-82FE-C62FEF17039F}"
EndProject
Project("{9A19103F-16F7-4668-BE54-9A1E7A4F7556}") = "ExerciseAssociativeArrays", "ExerciseAssociativeArrays\ExerciseAssociativeArrays.csproj", "{77E3C25D-8815-426B-9715-4C3ECA8D0B07}"
EndProject
Project("{2150E333-8FDC-42A3-9474-1A3956D46DE8}") = "AssociativeArrays", "AssociativeArrays", "{25540CB7-523D-486F-AB80-C8D86D6007EF}"
EndProject
Project("{9A19103F-16F7-4668-BE54-9A1E7A4F7556}") = "ExerciseLists", "ExerciseLists\ExerciseLists.csproj", "{1CAC68BB-D969-45C4-A830-D636F1BA764E}"
EndProject
Project("{2150E333-8FDC-42A3-9474-1A3956D46DE8}") = "Lists", "Lists", "{5013A94C-4FDD-4C6F-8DE7-D82BA857F0F6}"
EndProject
Project("{2150E333-8FDC-42A3-9474-1A3956D46DE8}") = "Arrays", "Arrays", "{C6A1710D-9D27-4A08-BBD9-51A83CB80569}"
	ProjectSection(SolutionItems) = preProject
		ArrayProject\Program.cs = ArrayProject\Program.cs
	EndProjectSection
EndProject
Project("{9A19103F-16F7-4668-BE54-9A1E7A4F7556}") = "ExerciseArray", "ArrayProject\ExerciseArray.csproj", "{80AF58D0-3DFB-4775-9D9E-2D552A809B3C}"
EndProject
Global
	GlobalSection(SolutionConfigurationPlatforms) = preSolution
		Debug|Any CPU = Debug|Any CPU
		Release|Any CPU = Release|Any CPU
	EndGlobalSection
	GlobalSection(ProjectConfigurationPlatforms) = postSolution
		{DCF98A84-EF9D-4080-82FE-C62FEF17039F}.Debug|Any CPU.ActiveCfg = Debug|Any CPU
		{DCF98A84-EF9D-4080-82FE-C62FEF17039F}.Debug|Any CPU.Build.0 = Debug|Any CPU
		{DCF98A84-EF9D-4080-82FE-C62FEF17039F}.Release|Any CPU.ActiveCfg = Release|Any CPU
		{DCF98A84-EF9D-4080-82FE-C62FEF17039F}.Release|Any CPU.Build.0 = Release|Any CPU
		{77E3C25D-8815-426B-9715-4C3ECA8D0B07}.Debug|Any CPU.ActiveCfg = Debug|Any CPU
		{77E3C25D-8815-426B-9715-4C3ECA8D0B07}.Debug|Any CPU.Build.0 = Debug|Any CPU
		{77E3C25D-8815-426B-9715-4C3ECA8D0B07}.Release|Any CPU.ActiveCfg = Release|Any CPU
		{77E3C25D-8815-426B-9715-4C3ECA8D0B07}.Release|Any CPU.Build.0 = Release|Any CPU
		{1CAC68BB-D969-45C4-A830-D636F1BA764E}.Debug|Any CPU.ActiveCfg = Debug|Any CPU
		{1CAC68BB-D969-45C4-A830-D636F1BA764E}.Debug|Any CPU.Build.0 = Debug|Any CPU
		{1CAC68BB-D969-45C4-A830-D636F1BA764E}.Release|Any CPU.ActiveCfg = Release|Any CPU
		{1CAC68BB-D969-45C4-A830-D636F1BA764E}.Release|Any CPU.Build.0 = Release|Any CPU
		{80AF58D0-3DFB-4775-9D9E-2D552A809B3C}.Debug|Any CPU.ActiveCfg = Debug|Any CPU
		{80AF58D0-3DFB-4775-9D9E-2D552A809B3C}.Debug|Any CPU.Build.0 = Debug|Any CPU
		{80AF58D0-3DFB-4775-9D9E-2D552A809B3C}.Release|Any CPU.ActiveCfg = Release|Any CPU
		{80AF58D0-3DFB-4775-9D9E-2D552A809B3C}.Release|Any CPU.Build.0 = Release|Any CPU
	EndGlobalSection
	GlobalSection(SolutionProperties) = preSolution
		HideSolutionNode = FALSE
	EndGlobalSection
	GlobalSection(NestedProjects) = preSolution
		{DCF98A84-EF9D-4080-82FE-C62FEF17039F} = {25540CB7-523D-486F-AB80-C8D86D6007EF}
		{77E3C25D-8815-426B-9715-4C3ECA8D0B07} = {25540CB7-523D-486F-AB80-C8D86D6007EF}
		{1CAC68BB-D969-45C4-A830-D636F1BA764E} = {5013A94C-4FDD-4C6F-8DE7-D82BA857F0F6}
		{80AF58D0-3DFB-4775-9D9E-2D552A809B3C} = {C6A1710D-9D27-4A08-BBD9-51A83CB80569}
	EndGlobalSection
	GlobalSection(ExtensibilityGlobals) = postSolution
		SolutionGuid = {9D3A9235-3497-49CC-9805-D07F014D95D6}
	EndGlobalSection
EndGlobal
